
Microsoft Visual Studio Solution File, Format Version 12.00
# Visual Studio Version 16
VisualStudioVersion = 16.0.808.0
MinimumVisualStudioVersion = 10.0.40219.1
Project("{F2A71F9B-5D33-465A-A702-920D77279786}") = "Twitter_Simulator", "Twitter_Simulator.fsproj", "{EEBE40E0-D066-4765-810C-F75B9EFDCBE5}"
EndProject
Global
	GlobalSection(SolutionConfigurationPlatforms) = preSolution
		Debug|Any CPU = Debug|Any CPU
		Release|Any CPU = Release|Any CPU
	EndGlobalSection
	GlobalSection(ProjectConfigurationPlatforms) = postSolution
		{EEBE40E0-D066-4765-810C-F75B9EFDCBE5}.Debug|Any CPU.ActiveCfg = Debug|Any CPU
		{EEBE40E0-D066-4765-810C-F75B9EFDCBE5}.Debug|Any CPU.Build.0 = Debug|Any CPU
		{EEBE40E0-D066-4765-810C-F75B9EFDCBE5}.Release|Any CPU.ActiveCfg = Release|Any CPU
		{EEBE40E0-D066-4765-810C-F75B9EFDCBE5}.Release|Any CPU.Build.0 = Release|Any CPU
	EndGlobalSection
	GlobalSection(SolutionProperties) = preSolution
		HideSolutionNode = FALSE
	EndGlobalSection
	GlobalSection(ExtensibilityGlobals) = postSolution
		SolutionGuid = {5B83524A-6FB4-4759-9C81-F2187237D85E}
	EndGlobalSection
EndGlobal
